
Microsoft Visual Studio Solution File, Format Version 12.00
# Visual Studio Version 17
VisualStudioVersion = 17.0.31903.59
MinimumVisualStudioVersion = 10.0.40219.1
Project("{2150E333-8FDC-42A3-9474-1A3956D46DE8}") = "server", "server", "{DAD03CFC-D5FA-AC94-41C7-9ABAB326F09E}"
EndProject
Project("{2150E333-8FDC-42A3-9474-1A3956D46DE8}") = "src", "src", "{2132E9AA-A8A6-6DB3-1CCB-FE240A8CB002}"
EndProject
Project("{FAE04EC0-301F-11D3-BF4B-00C04F79EFBC}") = "CoreAlign.Domain", "server\src\CoreAlign.Domain\CoreAlign.Domain.csproj", "{42C6B4FA-A9A4-49F6-828D-D8D45864A6DC}"
EndProject
Project("{FAE04EC0-301F-11D3-BF4B-00C04F79EFBC}") = "CoreAlign.Application", "server\src\CoreAlign.Application\CoreAlign.Application.csproj", "{25AA3380-1BE1-4803-86EF-F4BB25CA96F6}"
EndProject
Project("{FAE04EC0-301F-11D3-BF4B-00C04F79EFBC}") = "CoreAlign.Infrastructure", "server\src\CoreAlign.Infrastructure\CoreAlign.Infrastructure.csproj", "{2FDD7388-26E4-4AB2-B79C-C0E135027EFA}"
EndProject
Project("{FAE04EC0-301F-11D3-BF4B-00C04F79EFBC}") = "CoreAlign.API", "server\src\CoreAlign.API\CoreAlign.API.csproj", "{60C0FFAE-F284-4E55-A103-BD10389E1687}"
EndProject
Project("{2150E333-8FDC-42A3-9474-1A3956D46DE8}") = "tests", "tests", "{F6418E52-5FE5-8182-075E-77FED2B86FC9}"
EndProject
Project("{FAE04EC0-301F-11D3-BF4B-00C04F79EFBC}") = "CoreAlign.Application.Tests", "server\tests\CoreAlign.Application.Tests\CoreAlign.Application.Tests.csproj", "{A6D4874F-EC9F-4940-8688-962839C6B072}"
EndProject
Project("{FAE04EC0-301F-11D3-BF4B-00C04F79EFBC}") = "CoreAlign.Integration.Tests", "server\tests\CoreAlign.Integration.Tests\CoreAlign.Integration.Tests.csproj", "{B3D5C7F1-9A82-4F1C-A6B1-7E54D9F0A311}"
EndProject
Global
	GlobalSection(SolutionConfigurationPlatforms) = preSolution
		Debug|Any CPU = Debug|Any CPU
		Debug|x64 = Debug|x64
		Debug|x86 = Debug|x86
		Release|Any CPU = Release|Any CPU
		Release|x64 = Release|x64
		Release|x86 = Release|x86
	EndGlobalSection
	GlobalSection(ProjectConfigurationPlatforms) = postSolution
		{42C6B4FA-A9A4-49F6-828D-D8D45864A6DC}.Debug|Any CPU.ActiveCfg = Debug|Any CPU
		{42C6B4FA-A9A4-49F6-828D-D8D45864A6DC}.Debug|Any CPU.Build.0 = Debug|Any CPU
		{42C6B4FA-A9A4-49F6-828D-D8D45864A6DC}.Debug|x64.ActiveCfg = Debug|Any CPU
		{42C6B4FA-A9A4-49F6-828D-D8D45864A6DC}.Debug|x64.Build.0 = Debug|Any CPU
		{42C6B4FA-A9A4-49F6-828D-D8D45864A6DC}.Debug|x86.ActiveCfg = Debug|Any CPU
		{42C6B4FA-A9A4-49F6-828D-D8D45864A6DC}.Debug|x86.Build.0 = Debug|Any CPU
		{42C6B4FA-A9A4-49F6-828D-D8D45864A6DC}.Release|Any CPU.ActiveCfg = Release|Any CPU
		{42C6B4FA-A9A4-49F6-828D-D8D45864A6DC}.Release|Any CPU.Build.0 = Release|Any CPU
		{42C6B4FA-A9A4-49F6-828D-D8D45864A6DC}.Release|x64.ActiveCfg = Release|Any CPU
		{42C6B4FA-A9A4-49F6-828D-D8D45864A6DC}.Release|x64.Build.0 = Release|Any CPU
		{42C6B4FA-A9A4-49F6-828D-D8D45864A6DC}.Release|x86.ActiveCfg = Release|Any CPU
		{42C6B4FA-A9A4-49F6-828D-D8D45864A6DC}.Release|x86.Build.0 = Release|Any CPU
		{25AA3380-1BE1-4803-86EF-F4BB25CA96F6}.Debug|Any CPU.ActiveCfg = Debug|Any CPU
		{25AA3380-1BE1-4803-86EF-F4BB25CA96F6}.Debug|Any CPU.Build.0 = Debug|Any CPU
		{25AA3380-1BE1-4803-86EF-F4BB25CA96F6}.Debug|x64.ActiveCfg = Debug|Any CPU
		{25AA3380-1BE1-4803-86EF-F4BB25CA96F6}.Debug|x64.Build.0 = Debug|Any CPU
		{25AA3380-1BE1-4803-86EF-F4BB25CA96F6}.Debug|x86.ActiveCfg = Debug|Any CPU
		{25AA3380-1BE1-4803-86EF-F4BB25CA96F6}.Debug|x86.Build.0 = Debug|Any CPU
		{25AA3380-1BE1-4803-86EF-F4BB25CA96F6}.Release|Any CPU.ActiveCfg = Release|Any CPU
		{25AA3380-1BE1-4803-86EF-F4BB25CA96F6}.Release|Any CPU.Build.0 = Release|Any CPU
		{25AA3380-1BE1-4803-86EF-F4BB25CA96F6}.Release|x64.ActiveCfg = Release|Any CPU
		{25AA3380-1BE1-4803-86EF-F4BB25CA96F6}.Release|x64.Build.0 = Release|Any CPU
		{25AA3380-1BE1-4803-86EF-F4BB25CA96F6}.Release|x86.ActiveCfg = Release|Any CPU
		{25AA3380-1BE1-4803-86EF-F4BB25CA96F6}.Release|x86.Build.0 = Release|Any CPU
		{2FDD7388-26E4-4AB2-B79C-C0E135027EFA}.Debug|Any CPU.ActiveCfg = Debug|Any CPU
		{2FDD7388-26E4-4AB2-B79C-C0E135027EFA}.Debug|Any CPU.Build.0 = Debug|Any CPU
		{2FDD7388-26E4-4AB2-B79C-C0E135027EFA}.Debug|x64.ActiveCfg = Debug|Any CPU
		{2FDD7388-26E4-4AB2-B79C-C0E135027EFA}.Debug|x64.Build.0 = Debug|Any CPU
		{2FDD7388-26E4-4AB2-B79C-C0E135027EFA}.Debug|x86.ActiveCfg = Debug|Any CPU
		{2FDD7388-26E4-4AB2-B79C-C0E135027EFA}.Debug|x86.Build.0 = Debug|Any CPU
		{2FDD7388-26E4-4AB2-B79C-C0E135027EFA}.Release|Any CPU.ActiveCfg = Release|Any CPU
		{2FDD7388-26E4-4AB2-B79C-C0E135027EFA}.Release|Any CPU.Build.0 = Release|Any CPU
		{2FDD7388-26E4-4AB2-B79C-C0E135027EFA}.Release|x64.ActiveCfg = Release|Any CPU
		{2FDD7388-26E4-4AB2-B79C-C0E135027EFA}.Release|x64.Build.0 = Release|Any CPU
		{2FDD7388-26E4-4AB2-B79C-C0E135027EFA}.Release|x86.ActiveCfg = Release|Any CPU
		{2FDD7388-26E4-4AB2-B79C-C0E135027EFA}.Release|x86.Build.0 = Release|Any CPU
		{60C0FFAE-F284-4E55-A103-BD10389E1687}.Debug|Any CPU.ActiveCfg = Debug|Any CPU
		{60C0FFAE-F284-4E55-A103-BD10389E1687}.Debug|Any CPU.Build.0 = Debug|Any CPU
		{60C0FFAE-F284-4E55-A103-BD10389E1687}.Debug|x64.ActiveCfg = Debug|Any CPU
		{60C0FFAE-F284-4E55-A103-BD10389E1687}.Debug|x64.Build.0 = Debug|Any CPU
		{60C0FFAE-F284-4E55-A103-BD10389E1687}.Debug|x86.ActiveCfg = Debug|Any CPU
		{60C0FFAE-F284-4E55-A103-BD10389E1687}.Debug|x86.Build.0 = Debug|Any CPU
		{60C0FFAE-F284-4E55-A103-BD10389E1687}.Release|Any CPU.ActiveCfg = Release|Any CPU
		{60C0FFAE-F284-4E55-A103-BD10389E1687}.Release|Any CPU.Build.0 = Release|Any CPU
		{60C0FFAE-F284-4E55-A103-BD10389E1687}.Release|x64.ActiveCfg = Release|Any CPU
		{60C0FFAE-F284-4E55-A103-BD10389E1687}.Release|x64.Build.0 = Release|Any CPU
		{60C0FFAE-F284-4E55-A103-BD10389E1687}.Release|x86.ActiveCfg = Release|Any CPU
		{60C0FFAE-F284-4E55-A103-BD10389E1687}.Release|x86.Build.0 = Release|Any CPU
		{A6D4874F-EC9F-4940-8688-962839C6B072}.Debug|Any CPU.ActiveCfg = Debug|Any CPU
		{A6D4874F-EC9F-4940-8688-962839C6B072}.Debug|Any CPU.Build.0 = Debug|Any CPU
		{A6D4874F-EC9F-4940-8688-962839C6B072}.Debug|x64.ActiveCfg = Debug|Any CPU
		{A6D4874F-EC9F-4940-8688-962839C6B072}.Debug|x64.Build.0 = Debug|Any CPU
		{A6D4874F-EC9F-4940-8688-962839C6B072}.Debug|x86.ActiveCfg = Debug|Any CPU
		{A6D4874F-EC9F-4940-8688-962839C6B072}.Debug|x86.Build.0 = Debug|Any CPU
		{A6D4874F-EC9F-4940-8688-962839C6B072}.Release|Any CPU.ActiveCfg = Release|Any CPU
		{A6D4874F-EC9F-4940-8688-962839C6B072}.Release|Any CPU.Build.0 = Release|Any CPU
		{A6D4874F-EC9F-4940-8688-962839C6B072}.Release|x64.ActiveCfg = Release|Any CPU
		{A6D4874F-EC9F-4940-8688-962839C6B072}.Release|x64.Build.0 = Release|Any CPU
		{A6D4874F-EC9F-4940-8688-962839C6B072}.Release|x86.ActiveCfg = Release|Any CPU
		{A6D4874F-EC9F-4940-8688-962839C6B072}.Release|x86.Build.0 = Release|Any CPU
		{B3D5C7F1-9A82-4F1C-A6B1-7E54D9F0A311}.Debug|Any CPU.ActiveCfg = Debug|Any CPU
		{B3D5C7F1-9A82-4F1C-A6B1-7E54D9F0A311}.Debug|Any CPU.Build.0 = Debug|Any CPU
		{B3D5C7F1-9A82-4F1C-A6B1-7E54D9F0A311}.Debug|x64.ActiveCfg = Debug|Any CPU
		{B3D5C7F1-9A82-4F1C-A6B1-7E54D9F0A311}.Debug|x64.Build.0 = Debug|Any CPU
		{B3D5C7F1-9A82-4F1C-A6B1-7E54D9F0A311}.Debug|x86.ActiveCfg = Debug|Any CPU
		{B3D5C7F1-9A82-4F1C-A6B1-7E54D9F0A311}.Debug|x86.Build.0 = Debug|Any CPU
		{B3D5C7F1-9A82-4F1C-A6B1-7E54D9F0A311}.Release|Any CPU.ActiveCfg = Release|Any CPU
		{B3D5C7F1-9A82-4F1C-A6B1-7E54D9F0A311}.Release|Any CPU.Build.0 = Release|Any CPU
		{B3D5C7F1-9A82-4F1C-A6B1-7E54D9F0A311}.Release|x64.ActiveCfg = Release|Any CPU
		{B3D5C7F1-9A82-4F1C-A6B1-7E54D9F0A311}.Release|x64.Build.0 = Release|Any CPU
		{B3D5C7F1-9A82-4F1C-A6B1-7E54D9F0A311}.Release|x86.ActiveCfg = Release|Any CPU
		{B3D5C7F1-9A82-4F1C-A6B1-7E54D9F0A311}.Release|x86.Build.0 = Release|Any CPU
	EndGlobalSection
	GlobalSection(SolutionProperties) = preSolution
		HideSolutionNode = FALSE
	EndGlobalSection
	GlobalSection(NestedProjects) = preSolution
		{2132E9AA-A8A6-6DB3-1CCB-FE240A8CB002} = {DAD03CFC-D5FA-AC94-41C7-9ABAB326F09E}
		{42C6B4FA-A9A4-49F6-828D-D8D45864A6DC} = {2132E9AA-A8A6-6DB3-1CCB-FE240A8CB002}
		{25AA3380-1BE1-4803-86EF-F4BB25CA96F6} = {2132E9AA-A8A6-6DB3-1CCB-FE240A8CB002}
		{2FDD7388-26E4-4AB2-B79C-C0E135027EFA} = {2132E9AA-A8A6-6DB3-1CCB-FE240A8CB002}
		{60C0FFAE-F284-4E55-A103-BD10389E1687} = {2132E9AA-A8A6-6DB3-1CCB-FE240A8CB002}
		{F6418E52-5FE5-8182-075E-77FED2B86FC9} = {DAD03CFC-D5FA-AC94-41C7-9ABAB326F09E}
		{A6D4874F-EC9F-4940-8688-962839C6B072} = {F6418E52-5FE5-8182-075E-77FED2B86FC9}
		{B3D5C7F1-9A82-4F1C-A6B1-7E54D9F0A311} = {F6418E52-5FE5-8182-075E-77FED2B86FC9}
	EndGlobalSection
EndGlobal
